# This file is automatically @generated by Cargo.
# It is not intended for manual editing.
version = 3

[[package]]
name = "peekmore"
version = "1.0.0"
source = "registry+https://github.com/rust-lang/crates.io-index"
checksum = "ca84ba11ed2de09f9a946e35be5efe5382bdd0621780b46ea8e24a7797b5be88"

[[package]]
name = "rlox-vm"
version = "0.1.0"
dependencies = [
 "peekmore",
]
